PODS:
  - boost-for-react-native (1.63.0)
  - DoubleConversion (1.1.6)
  - FBLazyVector (1000.0.0)
  - FBReactNativeSpec (1000.0.0):
    - Folly (= 2018.10.22.00)
    - RCTRequired (= 1000.0.0)
    - RCTTypeSafety (= 1000.0.0)
    - React-Core (= 1000.0.0)
    - React-jsi (= 1000.0.0)
    - ReactCommon/turbomodule/core (= 1000.0.0)
  - Folly (2018.10.22.00):
    - boost-for-react-native
    - DoubleConversion
    - Folly/Default (= 2018.10.22.00)
    - glog
  - Folly/Default (2018.10.22.00):
    - boost-for-react-native
    - DoubleConversion
    - glog
  - glog (0.3.5)
  - RCTRequired (1000.0.0)
  - RCTTypeSafety (1000.0.0):
    - FBLazyVector (= 1000.0.0)
    - Folly (= 2018.10.22.00)
    - RCTRequired (= 1000.0.0)
    - React-Core (= 1000.0.0)
  - React (1000.0.0):
    - React-Core (= 1000.0.0)
    - React-DevSupport (= 1000.0.0)
    - React-RCTActionSheet (= 1000.0.0)
    - React-RCTAnimation (= 1000.0.0)
    - React-RCTBlob (= 1000.0.0)
    - React-RCTImage (= 1000.0.0)
    - React-RCTLinking (= 1000.0.0)
    - React-RCTNetwork (= 1000.0.0)
    - React-RCTSettings (= 1000.0.0)
    - React-RCTText (= 1000.0.0)
    - React-RCTVibration (= 1000.0.0)
    - React-RCTWebSocket (= 1000.0.0)
  - React-Core (1000.0.0):
    - Folly (= 2018.10.22.00)
    - glog
    - React-Core/Default (= 1000.0.0)
    - React-cxxreact (= 1000.0.0)
    - React-jsi (= 1000.0.0)
    - React-jsiexecutor (= 1000.0.0)
    - yoga (= 1000.0.0.React)
  - React-Core/CxxBridge (1000.0.0):
    - Folly (= 2018.10.22.00)
    - glog
    - React-cxxreact (= 1000.0.0)
    - React-jsi (= 1000.0.0)
    - React-jsiexecutor (= 1000.0.0)
    - yoga (= 1000.0.0.React)
  - React-Core/Default (1000.0.0):
    - Folly (= 2018.10.22.00)
    - glog
    - React-cxxreact (= 1000.0.0)
    - React-jsi (= 1000.0.0)
    - React-jsiexecutor (= 1000.0.0)
    - yoga (= 1000.0.0.React)
  - React-CoreModules (1000.0.0):
    - FBReactNativeSpec (= 1000.0.0)
    - Folly (= 2018.10.22.00)
    - React-Core (= 1000.0.0)
  - React-cxxreact (1000.0.0):
    - boost-for-react-native (= 1.63.0)
    - DoubleConversion
    - Folly (= 2018.10.22.00)
    - glog
    - React-jsinspector (= 1000.0.0)
  - React-DevSupport (1000.0.0):
    - React-Core (= 1000.0.0)
    - React-RCTWebSocket (= 1000.0.0)
  - React-jsi (1000.0.0):
    - boost-for-react-native (= 1.63.0)
    - DoubleConversion
    - Folly (= 2018.10.22.00)
    - glog
    - React-jsi/Default (= 1000.0.0)
  - React-jsi/Default (1000.0.0):
    - boost-for-react-native (= 1.63.0)
    - DoubleConversion
    - Folly (= 2018.10.22.00)
    - glog
  - React-jsiexecutor (1000.0.0):
    - DoubleConversion
    - Folly (= 2018.10.22.00)
    - glog
    - React-cxxreact (= 1000.0.0)
    - React-jsi (= 1000.0.0)
  - React-jsinspector (1000.0.0)
  - React-RCTActionSheet (1000.0.0):
    - React-Core (= 1000.0.0)
  - React-RCTAnimation (1000.0.0):
    - React-Core (= 1000.0.0)
  - React-RCTBlob (1000.0.0):
    - React-Core (= 1000.0.0)
    - React-RCTNetwork (= 1000.0.0)
    - React-RCTWebSocket (= 1000.0.0)
  - React-RCTImage (1000.0.0):
    - React-Core (= 1000.0.0)
    - React-RCTNetwork (= 1000.0.0)
  - React-RCTLinking (1000.0.0):
    - React-Core (= 1000.0.0)
  - React-RCTNetwork (1000.0.0):
    - React-Core (= 1000.0.0)
  - React-RCTSettings (1000.0.0):
    - React-Core (= 1000.0.0)
  - React-RCTText (1000.0.0):
    - React-Core (= 1000.0.0)
  - React-RCTVibration (1000.0.0):
    - React-Core (= 1000.0.0)
  - React-RCTWebSocket (1000.0.0):
    - React-Core (= 1000.0.0)
  - ReactCommon/jscallinvoker (1000.0.0):
    - DoubleConversion
    - Folly (= 2018.10.22.00)
    - glog
    - React-cxxreact (= 1000.0.0)
  - ReactCommon/turbomodule/core (1000.0.0):
    - DoubleConversion
    - Folly (= 2018.10.22.00)
    - glog
    - React-Core/CxxBridge (= 1000.0.0)
    - React-cxxreact (= 1000.0.0)
    - React-jsi (= 1000.0.0)
    - ReactCommon/jscallinvoker (= 1000.0.0)
  - RNGestureHandler (1.3.0):
    - React
  - RNScreens (1.0.0-alpha.23):
    - React
  - RNVectorIcons (6.6.0):
    - React
  - yoga (1000.0.0.React)

DEPENDENCIES:
  - DoubleConversion (from `../node_modules/react-native/third-party-podspecs/DoubleConversion.podspec`)
  - FBLazyVector (from `../node_modules/react-native/Libraries/FBLazyVector`)
  - FBReactNativeSpec (from `../node_modules/react-native/Libraries/FBReactNativeSpec`)
  - Folly (from `../node_modules/react-native/third-party-podspecs/Folly.podspec`)
  - glog (from `../node_modules/react-native/third-party-podspecs/glog.podspec`)
  - RCTRequired (from `../node_modules/react-native/Libraries/RCTRequired`)
  - RCTTypeSafety (from `../node_modules/react-native/Libraries/TypeSafety`)
  - React (from `../node_modules/react-native/`)
  - React-Core (from `../node_modules/react-native/React`)
  - React-CoreModules (from `../node_modules/react-native/React/CoreModules`)
  - React-cxxreact (from `../node_modules/react-native/ReactCommon/cxxreact`)
  - React-DevSupport (from `../node_modules/react-native/React`)
  - React-jsi (from `../node_modules/react-native/ReactCommon/jsi`)
  - React-jsiexecutor (from `../node_modules/react-native/ReactCommon/jsiexecutor`)
  - React-jsinspector (from `../node_modules/react-native/ReactCommon/jsinspector`)
  - React-RCTActionSheet (from `../node_modules/react-native/Libraries/ActionSheetIOS`)
  - React-RCTAnimation (from `../node_modules/react-native/Libraries/NativeAnimation`)
  - React-RCTBlob (from `../node_modules/react-native/Libraries/Blob`)
  - React-RCTImage (from `../node_modules/react-native/Libraries/Image`)
  - React-RCTLinking (from `../node_modules/react-native/Libraries/LinkingIOS`)
  - React-RCTNetwork (from `../node_modules/react-native/Libraries/Network`)
  - React-RCTSettings (from `../node_modules/react-native/Libraries/Settings`)
  - React-RCTText (from `../node_modules/react-native/Libraries/Text`)
  - React-RCTVibration (from `../node_modules/react-native/Libraries/Vibration`)
  - React-RCTWebSocket (from `../node_modules/react-native/Libraries/WebSocket`)
  - ReactCommon/jscallinvoker (from `../node_modules/react-native/ReactCommon`)
  - ReactCommon/turbomodule/core (from `../node_modules/react-native/ReactCommon`)
  - RNGestureHandler (from `../node_modules/react-native-gesture-handler/RNGestureHandler.podspec`)
  - RNScreens (from `../node_modules/react-native-screens`)
  - RNVectorIcons (from `../node_modules/react-native-vector-icons`)
  - yoga (from `../node_modules/react-native/ReactCommon/yoga`)

SPEC REPOS:
  https://github.com/cocoapods/specs.git:
    - boost-for-react-native

EXTERNAL SOURCES:
  DoubleConversion:
    :podspec: "../node_modules/react-native/third-party-podspecs/DoubleConversion.podspec"
  FBLazyVector:
    :path: "../node_modules/react-native/Libraries/FBLazyVector"
  FBReactNativeSpec:
    :path: "../node_modules/react-native/Libraries/FBReactNativeSpec"
  Folly:
    :podspec: "../node_modules/react-native/third-party-podspecs/Folly.podspec"
  glog:
    :podspec: "../node_modules/react-native/third-party-podspecs/glog.podspec"
  RCTRequired:
    :path: "../node_modules/react-native/Libraries/RCTRequired"
  RCTTypeSafety:
    :path: "../node_modules/react-native/Libraries/TypeSafety"
  React:
    :path: "../node_modules/react-native/"
  React-Core:
    :path: "../node_modules/react-native/React"
  React-CoreModules:
    :path: "../node_modules/react-native/React/CoreModules"
  React-cxxreact:
    :path: "../node_modules/react-native/ReactCommon/cxxreact"
  React-DevSupport:
    :path: "../node_modules/react-native/React"
  React-jsi:
    :path: "../node_modules/react-native/ReactCommon/jsi"
  React-jsiexecutor:
    :path: "../node_modules/react-native/ReactCommon/jsiexecutor"
  React-jsinspector:
    :path: "../node_modules/react-native/ReactCommon/jsinspector"
  React-RCTActionSheet:
    :path: "../node_modules/react-native/Libraries/ActionSheetIOS"
  React-RCTAnimation:
    :path: "../node_modules/react-native/Libraries/NativeAnimation"
  React-RCTBlob:
    :path: "../node_modules/react-native/Libraries/Blob"
  React-RCTImage:
    :path: "../node_modules/react-native/Libraries/Image"
  React-RCTLinking:
    :path: "../node_modules/react-native/Libraries/LinkingIOS"
  React-RCTNetwork:
    :path: "../node_modules/react-native/Libraries/Network"
  React-RCTSettings:
    :path: "../node_modules/react-native/Libraries/Settings"
  React-RCTText:
    :path: "../node_modules/react-native/Libraries/Text"
  React-RCTVibration:
    :path: "../node_modules/react-native/Libraries/Vibration"
  React-RCTWebSocket:
    :path: "../node_modules/react-native/Libraries/WebSocket"
  ReactCommon:
    :path: "../node_modules/react-native/ReactCommon"
  RNGestureHandler:
    :podspec: "../node_modules/react-native-gesture-handler/RNGestureHandler.podspec"
  RNScreens:
    :path: "../node_modules/react-native-screens"
  RNVectorIcons:
    :path: "../node_modules/react-native-vector-icons"
  yoga:
    :path: "../node_modules/react-native/ReactCommon/yoga"

SPEC CHECKSUMS:
  boost-for-react-native: 39c7adb57c4e60d6c5479dd8623128eb5b3f0f2c
  DoubleConversion: 5805e889d232975c086db112ece9ed034df7a0b2
  FBLazyVector: 1278009fd714ad3ec6a8bd305e36794d4e815e85
  FBReactNativeSpec: de701be93a274c1b904130e25e07fa5b1e55839e
  Folly: 30e7936e1c45c08d884aa59369ed951a8e68cf51
  glog: 1f3da668190260b06b429bb211bfbee5cd790c28
  RCTRequired: 363992bdc40a970c6c6111b0dea38f1d1a1c2b67
  RCTTypeSafety: 6d0d28095c6be5e27b56241f877a21bb6a5650da
  React: 32f417038af79bc11bd87ca241079901b3ff15e1
  React-Core: 43cea6e406b5f61415b363fcb5b89421f8dc53aa
  React-CoreModules: 574d0ef6302fcdaf0b81028474489085d53c2de7
  React-cxxreact: fcfc1a73eac5254e5b9a542b7f8ad8b399a10882
  React-DevSupport: ded725cebcf2a1a87e12cace47386a08d76c375b
  React-jsi: a76e8da3049ae4571561f2446ddbcae03ae40206
  React-jsiexecutor: c7d873eca7cbb9620a0530efc2acbd04c97009be
  React-jsinspector: 574c644e40488ab8de01e620fda21a7988fe8db9
  React-RCTActionSheet: b077e9401ade8e22904e82c8c1a6759606145ec9
  React-RCTAnimation: 98f4ffeeb86c1d293f1f65bd61383fcf722f616f
  React-RCTBlob: b6ff193e8289c9423cf9e6d0e837b09cb1ecebc8
  React-RCTImage: c55178534d91ac3d4cfe6351381827810ca8441d
  React-RCTLinking: 0e1254f60cb50c1deaa146e7175c544e754eee12
  React-RCTNetwork: aea522b76c40c60915905a63f88dae0d63a85e8e
  React-RCTSettings: 4fd5904cf780f8e2ec5e63cdefb1b3c4ea1e19b1
  React-RCTText: dc7482cff1651304e9bb33cc703043c574ee488e
  React-RCTVibration: 29288b005a7528d95431388ccd70f6cefafc7bf4
  React-RCTWebSocket: 7a8b2debc3a024910ba7ea75f93013aaa1425c2c
  ReactCommon: 143efeaf9ca3171581bd1aa01fc112512cf2295e
  RNGestureHandler: 5329a942fce3d41c68b84c2c2276ce06a696d8b0
  RNScreens: f28b48b8345f2f5f39ed6195518291515032a788
  RNVectorIcons: 0bb4def82230be1333ddaeee9fcba45f0b288ed4
  yoga: 10e14194c168c7b474e41495f7d82cfeb596dd8a

PODFILE CHECKSUM: c6b6e804711e90a2a44c377922b1a66eae79a7ce

COCOAPODS: 1.7.3
